
Microsoft Visual Studio Solution File, Format Version 12.00
# Visual Studio Version 16
VisualStudioVersion = 16.0.30503.244
MinimumVisualStudioVersion = 10.0.40219.1
Project("{FAE04EC0-301F-11D3-BF4B-00C04F79EFBC}") = "ReactWeb", "ReactWeb\ReactWeb.csproj", "{BF086865-B01A-4364-BA6D-2D42AD07DBBE}"
EndProject
Global
	GlobalSection(SolutionConfigurationPlatforms) = preSolution
		Debug|Any CPU = Debug|Any CPU
		Release|Any CPU = Release|Any CPU
	EndGlobalSection
	GlobalSection(ProjectConfigurationPlatforms) = postSolution
		{BF086865-B01A-4364-BA6D-2D42AD07DBBE}.Debug|Any CPU.ActiveCfg = Debug|Any CPU
		{BF086865-B01A-4364-BA6D-2D42AD07DBBE}.Debug|Any CPU.Build.0 = Debug|Any CPU
		{BF086865-B01A-4364-BA6D-2D42AD07DBBE}.Release|Any CPU.ActiveCfg = Release|Any CPU
		{BF086865-B01A-4364-BA6D-2D42AD07DBBE}.Release|Any CPU.Build.0 = Release|Any CPU
	EndGlobalSection
	GlobalSection(SolutionProperties) = preSolution
		HideSolutionNode = FALSE
	EndGlobalSection
	GlobalSection(ExtensibilityGlobals) = postSolution
		SolutionGuid = {D449B372-1CA1-4131-BFF2-7E2981AF3D72}
	EndGlobalSection
EndGlobal
